// !$*UTF8*$!
{
	archiveVersion = 1;
	classes = {
	};
	objectVersion = 50;
	objects = {

/* Begin PBXBuildFile section */
		82DF44EBB20A351054B08B41 /* Pods_Smash_up_macos.framework in Frameworks */ = {isa = PBXBuildFile; fileRef = FC16396DF181C49617516235 /* Pods_Smash_up_macos.framework */; };
		9234A69E21AD622000EE94DA /* AppDelegate.swift in Sources */ = {isa = PBXBuildFile; fileRef = 9234A69D21AD622000EE94DA /* AppDelegate.swift */; };
		9234A6A021AD622100EE94DA /* Assets.xcassets in Resources */ = {isa = PBXBuildFile; fileRef = 9234A69F21AD622100EE94DA /* Assets.xcassets */; };
		9234A6A321AD622100EE94DA /* MainMenu.xib in Resources */ = {isa = PBXBuildFile; fileRef = 9234A6A121AD622100EE94DA /* MainMenu.xib */; };
		9234A6AD21AD643800EE94DA /* Secrets.m in Sources */ = {isa = PBXBuildFile; fileRef = 9234A6AC21AD643800EE94DA /* Secrets.m */; };
/* End PBXBuildFile section */

/* Begin PBXFileReference section */
		5B18300544CEB4775C700632 /* Pods-Smash-up-macos.debug.xcconfig */ = {isa = PBXFileReference; includeInIndex = 1; lastKnownFileType = text.xcconfig; name = "Pods-Smash-up-macos.debug.xcconfig"; path = "Pods/Target Support Files/Pods-Smash-up-macos/Pods-Smash-up-macos.debug.xcconfig"; sourceTree = "<group>"; };
		9234A69A21AD622000EE94DA /* Smash-up-macos.app */ = {isa = PBXFileReference; explicitFileType = wrapper.application; includeInIndex = 0; path = "Smash-up-macos.app"; sourceTree = BUILT_PRODUCTS_DIR; };
		9234A69D21AD622000EE94DA /* AppDelegate.swift */ = {isa = PBXFileReference; lastKnownFileType = sourcecode.swift; path = AppDelegate.swift; sourceTree = "<group>"; };
		9234A69F21AD622100EE94DA /* Assets.xcassets */ = {isa = PBXFileReference; lastKnownFileType = folder.assetcatalog; path = Assets.xcassets; sourceTree = "<group>"; };
		9234A6A221AD622100EE94DA /* Base */ = {isa = PBXFileReference; lastKnownFileType = file.xib; name = Base; path = Base.lproj/MainMenu.xib; sourceTree = "<group>"; };
		9234A6A421AD622100EE94DA /* Info.plist */ = {isa = PBXFileReference; lastKnownFileType = text.plist.xml; path = Info.plist; sourceTree = "<group>"; };
		9234A6A521AD622100EE94DA /* Smash_up_macos.entitlements */ = {isa = PBXFileReference; lastKnownFileType = text.plist.entitlements; path = Smash_up_macos.entitlements; sourceTree = "<group>"; };
		9234A6AB21AD623100EE94DA /* Smash-up-macos.entitlements */ = {isa = PBXFileReference; lastKnownFileType = text.plist.entitlements; path = "Smash-up-macos.entitlements"; sourceTree = "<group>"; };
		9234A6AC21AD643800EE94DA /* Secrets.m */ = {isa = PBXFileReference; lastKnownFileType = sourcecode.c.objc; path = Secrets.m; sourceTree = "<group>"; };
		9ADFE613DC36C8B5BC4B99D4 /* Pods-Smash-up-macos.release.xcconfig */ = {isa = PBXFileReference; includeInIndex = 1; lastKnownFileType = text.xcconfig; name = "Pods-Smash-up-macos.release.xcconfig"; path = "Pods/Target Support Files/Pods-Smash-up-macos/Pods-Smash-up-macos.release.xcconfig"; sourceTree = "<group>"; };
		FC16396DF181C49617516235 /* Pods_Smash_up_macos.framework */ = {isa = PBXFileReference; explicitFileType = wrapper.framework; includeInIndex = 0; path = Pods_Smash_up_macos.framework; sourceTree = BUILT_PRODUCTS_DIR; };
/* End PBXFileReference section */

/* Begin PBXFrameworksBuildPhase section */
		9234A69721AD622000EE94DA /* Frameworks */ = {
			isa = PBXFrameworksBuildPhase;
			buildActionMask = 2147483647;
			files = (
				82DF44EBB20A351054B08B41 /* Pods_Smash_up_macos.framework in Frameworks */,
			);
			runOnlyForDeploymentPostprocessing = 0;
		};
/* End PBXFrameworksBuildPhase section */

/* Begin PBXGroup section */
		71F9EA54E836086B5670457C /* Pods */ = {
			isa = PBXGroup;
			children = (
				5B18300544CEB4775C700632 /* Pods-Smash-up-macos.debug.xcconfig */,
				9ADFE613DC36C8B5BC4B99D4 /* Pods-Smash-up-macos.release.xcconfig */,
			);
			name = Pods;
			sourceTree = "<group>";
		};
		9234A69121AD622000EE94DA = {
			isa = PBXGroup;
			children = (
				9234A69C21AD622000EE94DA /* Smash-up-macos */,
				9234A69B21AD622000EE94DA /* Products */,
				71F9EA54E836086B5670457C /* Pods */,
				E165B3CAF37CDC4D7805CCA3 /* Frameworks */,
			);
			sourceTree = "<group>";
		};
		9234A69B21AD622000EE94DA /* Products */ = {
			isa = PBXGroup;
			children = (
				9234A69A21AD622000EE94DA /* Smash-up-macos.app */,
			);
			name = Products;
			sourceTree = "<group>";
		};
		9234A69C21AD622000EE94DA /* Smash-up-macos */ = {
			isa = PBXGroup;
			children = (
				9234A6AB21AD623100EE94DA /* Smash-up-macos.entitlements */,
				9234A69D21AD622000EE94DA /* AppDelegate.swift */,
				9234A69F21AD622100EE94DA /* Assets.xcassets */,
				9234A6A121AD622100EE94DA /* MainMenu.xib */,
				9234A6A421AD622100EE94DA /* Info.plist */,
				9234A6A521AD622100EE94DA /* Smash_up_macos.entitlements */,
				9234A6AC21AD643800EE94DA /* Secrets.m */,
			);
			path = "Smash-up-macos";
			sourceTree = "<group>";
		};
		E165B3CAF37CDC4D7805CCA3 /* Frameworks */ = {
			isa = PBXGroup;
			children = (
				FC16396DF181C49617516235 /* Pods_Smash_up_macos.framework */,
			);
			name = Frameworks;
			sourceTree = "<group>";
		};
/* End PBXGroup section */

/* Begin PBXNativeTarget section */
		9234A69921AD622000EE94DA /* Smash-up-macos */ = {
			isa = PBXNativeTarget;
			buildConfigurationList = 9234A6A821AD622100EE94DA /* Build configuration list for PBXNativeTarget "Smash-up-macos" */;
			buildPhases = (
				58B82C0D19527F3B8CDD954E /* [CP] Check Pods Manifest.lock */,
				9234A69621AD622000EE94DA /* Sources */,
				9234A69721AD622000EE94DA /* Frameworks */,
				9234A69821AD622000EE94DA /* Resources */,
			);
			buildRules = (
			);
			dependencies = (
			);
			name = "Smash-up-macos";
			productName = "Smash-up-macos";
			productReference = 9234A69A21AD622000EE94DA /* Smash-up-macos.app */;
			productType = "com.apple.product-type.application";
		};
/* End PBXNativeTarget section */

/* Begin PBXProject section */
		9234A69221AD622000EE94DA /* Project object */ = {
			isa = PBXProject;
			attributes = {
				LastSwiftUpdateCheck = 1010;
				LastUpgradeCheck = 1010;
				ORGANIZATIONNAME = "RibEye Studios";
				TargetAttributes = {
					9234A69921AD622000EE94DA = {
						CreatedOnToolsVersion = 10.1;
						LastSwiftMigration = 1010;
						SystemCapabilities = {
							com.apple.Sandbox = {
								enabled = 1;
							};
						};
					};
				};
			};
			buildConfigurationList = 9234A69521AD622000EE94DA /* Build configuration list for PBXProject "Smash-up-macos" */;
			compatibilityVersion = "Xcode 9.3";
			developmentRegion = en;
			hasScannedForEncodings = 0;
			knownRegions = (
				en,
				Base,
			);
			mainGroup = 9234A69121AD622000EE94DA;
			productRefGroup = 9234A69B21AD622000EE94DA /* Products */;
			projectDirPath = "";
			projectRoot = "";
			targets = (
				9234A69921AD622000EE94DA /* Smash-up-macos */,
			);
		};
/* End PBXProject section */

/* Begin PBXResourcesBuildPhase section */
		9234A69821AD622000EE94DA /* Resources */ = {
			isa = PBXResourcesBuildPhase;
			buildActionMask = 2147483647;
			files = (
				9234A6A021AD622100EE94DA /* Assets.xcassets in Resources */,
				9234A6A321AD622100EE94DA /* MainMenu.xib in Resources */,
			);
			runOnlyForDeploymentPostprocessing = 0;
		};
/* End PBXResourcesBuildPhase section */

/* Begin PBXShellScriptBuildPhase section */
		58B82C0D19527F3B8CDD954E /* [CP] Check Pods Manifest.lock */ = {
			isa = PBXShellScriptBuildPhase;
			buildActionMask = 2147483647;
			files = (
			);
			inputFileListPaths = (
			);
			inputPaths = (
				"${PODS_PODFILE_DIR_PATH}/Podfile.lock",
				"${PODS_ROOT}/Manifest.lock",
			);
			name = "[CP] Check Pods Manifest.lock";
			outputFileListPaths = (
			);
			outputPaths = (
				"$(DERIVED_FILE_DIR)/Pods-Smash-up-macos-checkManifestLockResult.txt",
			);
			runOnlyForDeploymentPostprocessing = 0;
			shellPath = /bin/sh;
			shellScript = "diff \"${PODS_PODFILE_DIR_PATH}/Podfile.lock\" \"${PODS_ROOT}/Manifest.lock\" > /dev/null\nif [ $? != 0 ] ; then\n    # print error to STDERR\n    echo \"error: The sandbox is not in sync with the Podfile.lock. Run 'pod install' or update your CocoaPods installation.\" >&2\n    exit 1\nfi\n# This output is used by Xcode 'outputs' to avoid re-running this script phase.\necho \"SUCCESS\" > \"${SCRIPT_OUTPUT_FILE_0}\"\n";
			showEnvVarsInLog = 0;
		};
/* End PBXShellScriptBuildPhase section */

/* Begin PBXSourcesBuildPhase section */
		9234A69621AD622000EE94DA /* Sources */ = {
			isa = PBXSourcesBuildPhase;
			buildActionMask = 2147483647;
			files = (
				9234A69E21AD622000EE94DA /* AppDelegate.swift in Sources */,
				9234A6AD21AD643800EE94DA /* Secrets.m in Sources */,
			);
			runOnlyForDeploymentPostprocessing = 0;
		};
/* End PBXSourcesBuildPhase section */

/* Begin PBXVariantGroup section */
		9234A6A121AD622100EE94DA /* MainMenu.xib */ = {
			isa = PBXVariantGroup;
			children = (
				9234A6A221AD622100EE94DA /* Base */,
			);
			name = MainMenu.xib;
			sourceTree = "<group>";
		};
/* End PBXVariantGroup section */

/* Begin XCBuildConfiguration section */
		9234A6A621AD622100EE94DA /* Debug */ = {
			isa = XCBuildConfiguration;
			buildSettings = {
				ALWAYS_SEARCH_USER_PATHS = NO;
				CLANG_ANALYZER_NONNULL = YES;
				CLANG_ANALYZER_NUMBER_OBJECT_CONVERSION = YES_AGGRESSIVE;
				CLANG_CXX_LANGUAGE_STANDARD = "gnu++14";
				CLANG_CXX_LIBRARY = "libc++";
				CLANG_ENABLE_MODULES = YES;
				CLANG_ENABLE_OBJC_ARC = YES;
				CLANG_ENABLE_OBJC_WEAK = YES;
				CLANG_WARN_BLOCK_CAPTURE_AUTORELEASING = YES;
				CLANG_WARN_BOOL_CONVERSION = YES;
				CLANG_WARN_COMMA = YES;
				CLANG_WARN_CONSTANT_CONVERSION = YES;
				CLANG_WARN_DEPRECATED_OBJC_IMPLEMENTATIONS = YES;
				CLANG_WARN_DIRECT_OBJC_ISA_USAGE = YES_ERROR;
				CLANG_WARN_DOCUMENTATION_COMMENTS = YES;
				CLANG_WARN_EMPTY_BODY = YES;
				CLANG_WARN_ENUM_CONVERSION = YES;
				CLANG_WARN_INFINITE_RECURSION = YES;
				CLANG_WARN_INT_CONVERSION = YES;
				CLANG_WARN_NON_LITERAL_NULL_CONVERSION = YES;
				CLANG_WARN_OBJC_IMPLICIT_RETAIN_SELF = YES;
				CLANG_WARN_OBJC_LITERAL_CONVERSION = YES;
				CLANG_WARN_OBJC_ROOT_CLASS = YES_ERROR;
				CLANG_WARN_RANGE_LOOP_ANALYSIS = YES;
				CLANG_WARN_STRICT_PROTOTYPES = YES;
				CLANG_WARN_SUSPICIOUS_MOVE = YES;
				CLANG_WARN_UNGUARDED_AVAILABILITY = YES_AGGRESSIVE;
				CLANG_WARN_UNREACHABLE_CODE = YES;
				CLANG_WARN__DUPLICATE_METHOD_MATCH = YES;
				CODE_SIGN_IDENTITY = "Mac Developer";
				COPY_PHASE_STRIP = NO;
				DEBUG_INFORMATION_FORMAT = dwarf;
				ENABLE_STRICT_OBJC_MSGSEND = YES;
				ENABLE_TESTABILITY = YES;
				GCC_C_LANGUAGE_STANDARD = gnu11;
				GCC_DYNAMIC_NO_PIC = NO;
				GCC_NO_COMMON_BLOCKS = YES;
				GCC_OPTIMIZATION_LEVEL = 0;
				GCC_PREPROCESSOR_DEFINITIONS = (
					"DEBUG=1",
					"$(inherited)",
				);
				GCC_WARN_64_TO_32_BIT_CONVERSION = YES;
				GCC_WARN_ABOUT_RETURN_TYPE = YES_ERROR;
				GCC_WARN_UNDECLARED_SELECTOR = YES;
				GCC_WARN_UNINITIALIZED_AUTOS = YES_AGGRESSIVE;
				GCC_WARN_UNUSED_FUNCTION = YES;
				GCC_WARN_UNUSED_VARIABLE = YES;
				MACOSX_DEPLOYMENT_TARGET = 10.13;
				MTL_ENABLE_DEBUG_INFO = INCLUDE_SOURCE;
				MTL_FAST_MATH = YES;
				ONLY_ACTIVE_ARCH = YES;
				SDKROOT = macosx;
				SWIFT_ACTIVE_COMPILATION_CONDITIONS = DEBUG;
				SWIFT_OPTIMIZATION_LEVEL = "-Onone";
			};
			name = Debug;
		};
		9234A6A721AD622100EE94DA /* Release */ = {
			isa = XCBuildConfiguration;
			buildSettings = {
				ALWAYS_SEARCH_USER_PATHS = NO;
				CLANG_ANALYZER_NONNULL = YES;
				CLANG_ANALYZER_NUMBER_OBJECT_CONVERSION = YES_AGGRESSIVE;
				CLANG_CXX_LANGUAGE_STANDARD = "gnu++14";
				CLANG_CXX_LIBRARY = "libc++";
				CLANG_ENABLE_MODULES = YES;
				CLANG_ENABLE_OBJC_ARC = YES;
				CLANG_ENABLE_OBJC_WEAK = YES;
				CLANG_WARN_BLOCK_CAPTURE_AUTORELEASING = YES;
				CLANG_WARN_BOOL_CONVERSION = YES;
				CLANG_WARN_COMMA = YES;
				CLANG_WARN_CONSTANT_CONVERSION = YES;
				CLANG_WARN_DEPRECATED_OBJC_IMPLEMENTATIONS = YES;
				CLANG_WARN_DIRECT_OBJC_ISA_USAGE = YES_ERROR;
				CLANG_WARN_DOCUMENTATION_COMMENTS = YES;
				CLANG_WARN_EMPTY_BODY = YES;
				CLANG_WARN_ENUM_CONVERSION = YES;
				CLANG_WARN_INFINITE_RECURSION = YES;
				CLANG_WARN_INT_CONVERSION = YES;
				CLANG_WARN_NON_LITERAL_NULL_CONVERSION = YES;
				CLANG_WARN_OBJC_IMPLICIT_RETAIN_SELF = YES;
				CLANG_WARN_OBJC_LITERAL_CONVERSION = YES;
				CLANG_WARN_OBJC_ROOT_CLASS = YES_ERROR;
				CLANG_WARN_RANGE_LOOP_ANALYSIS = YES;
				CLANG_WARN_STRICT_PROTOTYPES = YES;
				CLANG_WARN_SUSPICIOUS_MOVE = YES;
				CLANG_WARN_UNGUARDED_AVAILABILITY = YES_AGGRESSIVE;
				CLANG_WARN_UNREACHABLE_CODE = YES;
				CLANG_WARN__DUPLICATE_METHOD_MATCH = YES;
				CODE_SIGN_IDENTITY = "Mac Developer";
				COPY_PHASE_STRIP = NO;
				DEBUG_INFORMATION_FORMAT = "dwarf-with-dsym";
				ENABLE_NS_ASSERTIONS = NO;
				ENABLE_STRICT_OBJC_MSGSEND = YES;
				GCC_C_LANGUAGE_STANDARD = gnu11;
				GCC_NO_COMMON_BLOCKS = YES;
				GCC_WARN_64_TO_32_BIT_CONVERSION = YES;
				GCC_WARN_ABOUT_RETURN_TYPE = YES_ERROR;
				GCC_WARN_UNDECLARED_SELECTOR = YES;
				GCC_WARN_UNINITIALIZED_AUTOS = YES_AGGRESSIVE;
				GCC_WARN_UNUSED_FUNCTION = YES;
				GCC_WARN_UNUSED_VARIABLE = YES;
				MACOSX_DEPLOYMENT_TARGET = 10.13;
				MTL_ENABLE_DEBUG_INFO = NO;
				MTL_FAST_MATH = YES;
				SDKROOT = macosx;
				SWIFT_COMPILATION_MODE = wholemodule;
				SWIFT_OPTIMIZATION_LEVEL = "-O";
			};
			name = Release;
		};
		9234A6A921AD622100EE94DA /* Debug */ = {
			isa = XCBuildConfiguration;
			baseConfigurationReference = 5B18300544CEB4775C700632 /* Pods-Smash-up-macos.debug.xcconfig */;
			buildSettings = {
				ASSETCATALOG_COMPILER_APPICON_NAME = AppIcon;
				CLANG_ENABLE_MODULES = YES;
				CODE_SIGN_ENTITLEMENTS = "Smash-up-macos/Smash-up-macos.entitlements";
				CODE_SIGN_IDENTITY = "Mac Developer";
				CODE_SIGN_STYLE = Automatic;
				COMBINE_HIDPI_IMAGES = YES;
				DEVELOPMENT_TEAM = T2TBC34KR3;
				INFOPLIST_FILE = "Smash-up-macos/Info.plist";
				LD_RUNPATH_SEARCH_PATHS = (
					"$(inherited)",
					"@executable_path/../Frameworks",
				);
				PRODUCT_BUNDLE_IDENTIFIER = "com.ribeyestudios.Smash-up-macos";
				PRODUCT_NAME = "$(TARGET_NAME)";
				PROVISIONING_PROFILE_SPECIFIER = "";
				SWIFT_OPTIMIZATION_LEVEL = "-Onone";
				SWIFT_VERSION = 4.2;
			};
			name = Debug;
		};
		9234A6AA21AD622100EE94DA /* Release */ = {
			isa = XCBuildConfiguration;
			baseConfigurationReference = 9ADFE613DC36C8B5BC4B99D4 /* Pods-Smash-up-macos.release.xcconfig */;
			buildSettings = {
				ASSETCATALOG_COMPILER_APPICON_NAME = AppIcon;
				CLANG_ENABLE_MODULES = YES;
				CODE_SIGN_ENTITLEMENTS = "Smash-up-macos/Smash-up-macos.entitlements";
				CODE_SIGN_IDENTITY = "Mac Developer";
				CODE_SIGN_STYLE = Automatic;
				COMBINE_HIDPI_IMAGES = YES;
				DEVELOPMENT_TEAM = T2TBC34KR3;
				INFOPLIST_FILE = "Smash-up-macos/Info.plist";
				LD_RUNPATH_SEARCH_PATHS = (
					"$(inherited)",
					"@executable_path/../Frameworks",
				);
				PRODUCT_BUNDLE_IDENTIFIER = "com.ribeyestudios.Smash-up-macos";
				PRODUCT_NAME = "$(TARGET_NAME)";
				PROVISIONING_PROFILE_SPECIFIER = "";
				SWIFT_VERSION = 4.2;
			};
			name = Release;
		};
/* End XCBuildConfiguration section */

/* Begin XCConfigurationList section */
		9234A69521AD622000EE94DA /* Build configuration list for PBXProject "Smash-up-macos" */ = {
			isa = XCConfigurationList;
			buildConfigurations = (
				9234A6A621AD622100EE94DA /* Debug */,
				9234A6A721AD622100EE94DA /* Release */,
			);
			defaultConfigurationIsVisible = 0;
			defaultConfigurationName = Release;
		};
		9234A6A821AD622100EE94DA /* Build configuration list for PBXNativeTarget "Smash-up-macos" */ = {
			isa = XCConfigurationList;
			buildConfigurations = (
				9234A6A921AD622100EE94DA /* Debug */,
				9234A6AA21AD622100EE94DA /* Release */,
			);
			defaultConfigurationIsVisible = 0;
			defaultConfigurationName = Release;
		};
/* End XCConfigurationList section */
	};
	rootObject = 9234A69221AD622000EE94DA /* Project object */;
}
